
Microsoft Visual Studio Solution File, Format Version 12.00
# Visual Studio Version 16
VisualStudioVersion = 16.0.29519.181
MinimumVisualStudioVersion = 10.0.40219.1
Project("{8BC9CEB8-8B4A-11D0-8D11-00A0C91BC942}") = "Lab_Work_1", "Lab_Work_1\Lab_Work_1.vcxproj", "{71FCADCC-C175-4B1F-8FBF-F55C739E3BCB}"
EndProject
Project("{8BC9CEB8-8B4A-11D0-8D11-00A0C91BC942}") = "Lab_Work_2", "Lab_Work_2\Lab_Work_2.vcxproj", "{4F9B3DCB-E3D7-4C73-B3D9-2003EFA63133}"
EndProject
Project("{9A19103F-16F7-4668-BE54-9A1E7A4F7556}") = "Lab_Work_3_CS", "Lab_Work_3_CS\Lab_Work_3_CS.csproj", "{4452339B-C325-4A65-A1E9-100391A08A77}"
EndProject
Project("{8BC9CEB8-8B4A-11D0-8D11-00A0C91BC942}") = "Lab_Work_5", "Lab_Work_4\Lab_Work_4.vcxproj", "{01C5893A-E8D1-4E3F-ACD5-A86F9CDED1C3}"
EndProject
Project("{8BC9CEB8-8B4A-11D0-8D11-00A0C91BC942}") = "Lab_Work_4_New", "Lab_Work_4_New\Lab_Work_4_New.vcxproj", "{8F68ADC7-A702-46E4-BD20-DED5B07D69A1}"
EndProject
Project("{8BC9CEB8-8B4A-11D0-8D11-00A0C91BC942}") = "Lab_Work_6", "Lab_Work_6\Lab_Work_6.vcxproj", "{6AE72CCB-7472-4965-A076-A726EDCF71C6}"
EndProject
Project("{9A19103F-16F7-4668-BE54-9A1E7A4F7556}") = "Lab_Work_7_CS", "Lab_Work_7\Lab_Work_7_CS.csproj", "{113826AC-F396-46E6-8511-D0C35214B7EF}"
EndProject
Project("{FAE04EC0-301F-11D3-BF4B-00C04F79EFBC}") = "Lab_Work_8_CS", "Lab_Work_8_CS\Lab_Work_8_CS.csproj", "{D04D8E71-36F9-480B-8ADE-C45EB2901BF5}"
EndProject
Global
	GlobalSection(SolutionConfigurationPlatforms) = preSolution
		Debug|Any CPU = Debug|Any CPU
		Debug|x64 = Debug|x64
		Debug|x86 = Debug|x86
		Release|Any CPU = Release|Any CPU
		Release|x64 = Release|x64
		Release|x86 = Release|x86
	EndGlobalSection
	GlobalSection(ProjectConfigurationPlatforms) = postSolution
		{71FCADCC-C175-4B1F-8FBF-F55C739E3BCB}.Debug|Any CPU.ActiveCfg = Debug|Win32
		{71FCADCC-C175-4B1F-8FBF-F55C739E3BCB}.Debug|x64.ActiveCfg = Debug|x64
		{71FCADCC-C175-4B1F-8FBF-F55C739E3BCB}.Debug|x64.Build.0 = Debug|x64
		{71FCADCC-C175-4B1F-8FBF-F55C739E3BCB}.Debug|x86.ActiveCfg = Debug|Win32
		{71FCADCC-C175-4B1F-8FBF-F55C739E3BCB}.Debug|x86.Build.0 = Debug|Win32
		{71FCADCC-C175-4B1F-8FBF-F55C739E3BCB}.Release|Any CPU.ActiveCfg = Release|Win32
		{71FCADCC-C175-4B1F-8FBF-F55C739E3BCB}.Release|x64.ActiveCfg = Release|x64
		{71FCADCC-C175-4B1F-8FBF-F55C739E3BCB}.Release|x64.Build.0 = Release|x64
		{71FCADCC-C175-4B1F-8FBF-F55C739E3BCB}.Release|x86.ActiveCfg = Release|Win32
		{71FCADCC-C175-4B1F-8FBF-F55C739E3BCB}.Release|x86.Build.0 = Release|Win32
		{4F9B3DCB-E3D7-4C73-B3D9-2003EFA63133}.Debug|Any CPU.ActiveCfg = Debug|Win32
		{4F9B3DCB-E3D7-4C73-B3D9-2003EFA63133}.Debug|x64.ActiveCfg = Debug|x64
		{4F9B3DCB-E3D7-4C73-B3D9-2003EFA63133}.Debug|x64.Build.0 = Debug|x64
		{4F9B3DCB-E3D7-4C73-B3D9-2003EFA63133}.Debug|x86.ActiveCfg = Debug|Win32
		{4F9B3DCB-E3D7-4C73-B3D9-2003EFA63133}.Debug|x86.Build.0 = Debug|Win32
		{4F9B3DCB-E3D7-4C73-B3D9-2003EFA63133}.Release|Any CPU.ActiveCfg = Release|Win32
		{4F9B3DCB-E3D7-4C73-B3D9-2003EFA63133}.Release|x64.ActiveCfg = Release|x64
		{4F9B3DCB-E3D7-4C73-B3D9-2003EFA63133}.Release|x64.Build.0 = Release|x64
		{4F9B3DCB-E3D7-4C73-B3D9-2003EFA63133}.Release|x86.ActiveCfg = Release|Win32
		{4F9B3DCB-E3D7-4C73-B3D9-2003EFA63133}.Release|x86.Build.0 = Release|Win32
		{4452339B-C325-4A65-A1E9-100391A08A77}.Debug|Any CPU.ActiveCfg = Debug|Any CPU
		{4452339B-C325-4A65-A1E9-100391A08A77}.Debug|Any CPU.Build.0 = Debug|Any CPU
		{4452339B-C325-4A65-A1E9-100391A08A77}.Debug|x64.ActiveCfg = Debug|Any CPU
		{4452339B-C325-4A65-A1E9-100391A08A77}.Debug|x64.Build.0 = Debug|Any CPU
		{4452339B-C325-4A65-A1E9-100391A08A77}.Debug|x86.ActiveCfg = Debug|Any CPU
		{4452339B-C325-4A65-A1E9-100391A08A77}.Debug|x86.Build.0 = Debug|Any CPU
		{4452339B-C325-4A65-A1E9-100391A08A77}.Release|Any CPU.ActiveCfg = Release|Any CPU
		{4452339B-C325-4A65-A1E9-100391A08A77}.Release|Any CPU.Build.0 = Release|Any CPU
		{4452339B-C325-4A65-A1E9-100391A08A77}.Release|x64.ActiveCfg = Release|Any CPU
		{4452339B-C325-4A65-A1E9-100391A08A77}.Release|x64.Build.0 = Release|Any CPU
		{4452339B-C325-4A65-A1E9-100391A08A77}.Release|x86.ActiveCfg = Release|Any CPU
		{4452339B-C325-4A65-A1E9-100391A08A77}.Release|x86.Build.0 = Release|Any CPU
		{01C5893A-E8D1-4E3F-ACD5-A86F9CDED1C3}.Debug|Any CPU.ActiveCfg = Debug|Win32
		{01C5893A-E8D1-4E3F-ACD5-A86F9CDED1C3}.Debug|x64.ActiveCfg = Debug|x64
		{01C5893A-E8D1-4E3F-ACD5-A86F9CDED1C3}.Debug|x64.Build.0 = Debug|x64
		{01C5893A-E8D1-4E3F-ACD5-A86F9CDED1C3}.Debug|x86.ActiveCfg = Debug|Win32
		{01C5893A-E8D1-4E3F-ACD5-A86F9CDED1C3}.Debug|x86.Build.0 = Debug|Win32
		{01C5893A-E8D1-4E3F-ACD5-A86F9CDED1C3}.Release|Any CPU.ActiveCfg = Release|Win32
		{01C5893A-E8D1-4E3F-ACD5-A86F9CDED1C3}.Release|x64.ActiveCfg = Release|x64
		{01C5893A-E8D1-4E3F-ACD5-A86F9CDED1C3}.Release|x64.Build.0 = Release|x64
		{01C5893A-E8D1-4E3F-ACD5-A86F9CDED1C3}.Release|x86.ActiveCfg = Release|Win32
		{01C5893A-E8D1-4E3F-ACD5-A86F9CDED1C3}.Release|x86.Build.0 = Release|Win32
		{8F68ADC7-A702-46E4-BD20-DED5B07D69A1}.Debug|Any CPU.ActiveCfg = Debug|Win32
		{8F68ADC7-A702-46E4-BD20-DED5B07D69A1}.Debug|x64.ActiveCfg = Debug|x64
		{8F68ADC7-A702-46E4-BD20-DED5B07D69A1}.Debug|x64.Build.0 = Debug|x64
		{8F68ADC7-A702-46E4-BD20-DED5B07D69A1}.Debug|x86.ActiveCfg = Debug|Win32
		{8F68ADC7-A702-46E4-BD20-DED5B07D69A1}.Debug|x86.Build.0 = Debug|Win32
		{8F68ADC7-A702-46E4-BD20-DED5B07D69A1}.Release|Any CPU.ActiveCfg = Release|Win32
		{8F68ADC7-A702-46E4-BD20-DED5B07D69A1}.Release|x64.ActiveCfg = Release|x64
		{8F68ADC7-A702-46E4-BD20-DED5B07D69A1}.Release|x64.Build.0 = Release|x64
		{8F68ADC7-A702-46E4-BD20-DED5B07D69A1}.Release|x86.ActiveCfg = Release|Win32
		{8F68ADC7-A702-46E4-BD20-DED5B07D69A1}.Release|x86.Build.0 = Release|Win32
		{6AE72CCB-7472-4965-A076-A726EDCF71C6}.Debug|Any CPU.ActiveCfg = Debug|Win32
		{6AE72CCB-7472-4965-A076-A726EDCF71C6}.Debug|x64.ActiveCfg = Debug|x64
		{6AE72CCB-7472-4965-A076-A726EDCF71C6}.Debug|x64.Build.0 = Debug|x64
		{6AE72CCB-7472-4965-A076-A726EDCF71C6}.Debug|x86.ActiveCfg = Debug|Win32
		{6AE72CCB-7472-4965-A076-A726EDCF71C6}.Debug|x86.Build.0 = Debug|Win32
		{6AE72CCB-7472-4965-A076-A726EDCF71C6}.Release|Any CPU.ActiveCfg = Release|Win32
		{6AE72CCB-7472-4965-A076-A726EDCF71C6}.Release|x64.ActiveCfg = Release|x64
		{6AE72CCB-7472-4965-A076-A726EDCF71C6}.Release|x64.Build.0 = Release|x64
		{6AE72CCB-7472-4965-A076-A726EDCF71C6}.Release|x86.ActiveCfg = Release|Win32
		{6AE72CCB-7472-4965-A076-A726EDCF71C6}.Release|x86.Build.0 = Release|Win32
		{113826AC-F396-46E6-8511-D0C35214B7EF}.Debug|Any CPU.ActiveCfg = Debug|Any CPU
		{113826AC-F396-46E6-8511-D0C35214B7EF}.Debug|Any CPU.Build.0 = Debug|Any CPU
		{113826AC-F396-46E6-8511-D0C35214B7EF}.Debug|x64.ActiveCfg = Debug|Any CPU
		{113826AC-F396-46E6-8511-D0C35214B7EF}.Debug|x64.Build.0 = Debug|Any CPU
		{113826AC-F396-46E6-8511-D0C35214B7EF}.Debug|x86.ActiveCfg = Debug|Any CPU
		{113826AC-F396-46E6-8511-D0C35214B7EF}.Debug|x86.Build.0 = Debug|Any CPU
		{113826AC-F396-46E6-8511-D0C35214B7EF}.Release|Any CPU.ActiveCfg = Release|Any CPU
		{113826AC-F396-46E6-8511-D0C35214B7EF}.Release|Any CPU.Build.0 = Release|Any CPU
		{113826AC-F396-46E6-8511-D0C35214B7EF}.Release|x64.ActiveCfg = Release|Any CPU
		{113826AC-F396-46E6-8511-D0C35214B7EF}.Release|x64.Build.0 = Release|Any CPU
		{113826AC-F396-46E6-8511-D0C35214B7EF}.Release|x86.ActiveCfg = Release|Any CPU
		{113826AC-F396-46E6-8511-D0C35214B7EF}.Release|x86.Build.0 = Release|Any CPU
		{D04D8E71-36F9-480B-8ADE-C45EB2901BF5}.Debug|Any CPU.ActiveCfg = Debug|Any CPU
		{D04D8E71-36F9-480B-8ADE-C45EB2901BF5}.Debug|Any CPU.Build.0 = Debug|Any CPU
		{D04D8E71-36F9-480B-8ADE-C45EB2901BF5}.Debug|x64.ActiveCfg = Debug|Any CPU
		{D04D8E71-36F9-480B-8ADE-C45EB2901BF5}.Debug|x64.Build.0 = Debug|Any CPU
		{D04D8E71-36F9-480B-8ADE-C45EB2901BF5}.Debug|x86.ActiveCfg = Debug|Any CPU
		{D04D8E71-36F9-480B-8ADE-C45EB2901BF5}.Debug|x86.Build.0 = Debug|Any CPU
		{D04D8E71-36F9-480B-8ADE-C45EB2901BF5}.Release|Any CPU.ActiveCfg = Release|Any CPU
		{D04D8E71-36F9-480B-8ADE-C45EB2901BF5}.Release|Any CPU.Build.0 = Release|Any CPU
		{D04D8E71-36F9-480B-8ADE-C45EB2901BF5}.Release|x64.ActiveCfg = Release|Any CPU
		{D04D8E71-36F9-480B-8ADE-C45EB2901BF5}.Release|x64.Build.0 = Release|Any CPU
		{D04D8E71-36F9-480B-8ADE-C45EB2901BF5}.Release|x86.ActiveCfg = Release|Any CPU
		{D04D8E71-36F9-480B-8ADE-C45EB2901BF5}.Release|x86.Build.0 = Release|Any CPU
	EndGlobalSection
	GlobalSection(SolutionProperties) = preSolution
		HideSolutionNode = FALSE
	EndGlobalSection
	GlobalSection(ExtensibilityGlobals) = postSolution
		SolutionGuid = {9811C363-8EA3-486E-97F6-A13D095729EE}
	EndGlobalSection
EndGlobal
